// !$*UTF8*$!
{
	archiveVersion = 1;
	classes = {
	};
	objectVersion = 46;
	objects = {

/* Begin PBXBuildFile section */
		0404538A1D0525C0006B761A /* UIColor扩展.swift in Sources */ = {isa = PBXBuildFile; fileRef = 040453891D0525C0006B761A /* UIColor扩展.swift */; };
		0437D80E1CF6F42000405C6C /* CNLInechart.swift in Sources */ = {isa = PBXBuildFile; fileRef = 0437D80D1CF6F42000405C6C /* CNLInechart.swift */; };
		0437D8101CF6F75000405C6C /* CNLineChartTableViewCell.swift in Sources */ = {isa = PBXBuildFile; fileRef = 0437D80F1CF6F75000405C6C /* CNLineChartTableViewCell.swift */; };
		04441A841D3F07410073108E /* 1.jpg in Resources */ = {isa = PBXBuildFile; fileRef = 04441A831D3F07410073108E /* 1.jpg */; };
		04441A871D3F0A0B0073108E /* 2.jpg in Resources */ = {isa = PBXBuildFile; fileRef = 04441A851D3F0A0B0073108E /* 2.jpg */; };
		04441A881D3F0A0B0073108E /* 3.jpg in Resources */ = {isa = PBXBuildFile; fileRef = 04441A861D3F0A0B0073108E /* 3.jpg */; };
		04441A8B1D3F4F240073108E /* RMJTeamInformation.m in Sources */ = {isa = PBXBuildFile; fileRef = 04441A8A1D3F4F240073108E /* RMJTeamInformation.m */; };
		04441A8E1D3F53EB0073108E /* CNCollectionViewCell.xib in Resources */ = {isa = PBXBuildFile; fileRef = 04441A8D1D3F53EB0073108E /* CNCollectionViewCell.xib */; };
		0485B2121CDC3D1F001E4A51 /* CNMessageView.swift in Sources */ = {isa = PBXBuildFile; fileRef = 0485B2111CDC3D1F001E4A51 /* CNMessageView.swift */; };
		049CB40A1D08173900902F23 /* CNNavigationController.swift in Sources */ = {isa = PBXBuildFile; fileRef = 049CB4091D08173900902F23 /* CNNavigationController.swift */; };
		04B3D2971D0A61020015BA96 /* CNMessageViewProperty.swift in Sources */ = {isa = PBXBuildFile; fileRef = 04B3D2961D0A61020015BA96 /* CNMessageViewProperty.swift */; };
		04E2264B1D3C6396000FFEA9 /* CNCollectionViewLeftFlowLayout.m in Sources */ = {isa = PBXBuildFile; fileRef = 04E2264A1D3C6396000FFEA9 /* CNCollectionViewLeftFlowLayout.m */; };
		04E2264E1D3C6575000FFEA9 /* LeftCollectionViewController.m in Sources */ = {isa = PBXBuildFile; fileRef = 04E2264D1D3C6575000FFEA9 /* LeftCollectionViewController.m */; };
		04E226501D3C713A000FFEA9 /* StringEncryption.swift in Sources */ = {isa = PBXBuildFile; fileRef = 04E2264F1D3C713A000FFEA9 /* StringEncryption.swift */; };
		04E226521D3C724A000FFEA9 /* CNMutableAttributedString.swift in Sources */ = {isa = PBXBuildFile; fileRef = 04E226511D3C724A000FFEA9 /* CNMutableAttributedString.swift */; };
		04E2265C1D3CAC03000FFEA9 /* CNCollectionSwitchViewLayout.m in Sources */ = {isa = PBXBuildFile; fileRef = 04E2265B1D3CAC03000FFEA9 /* CNCollectionSwitchViewLayout.m */; };
		04FE0B5C1D3CB42700F84C2F /* CNCollectionViewCell.m in Sources */ = {isa = PBXBuildFile; fileRef = 04FE0B5B1D3CB42700F84C2F /* CNCollectionViewCell.m */; };
		3C181C301CCCEDD80038D63F /* main.m in Sources */ = {isa = PBXBuildFile; fileRef = 3C181C2F1CCCEDD80038D63F /* main.m */; };
		3C181C331CCCEDD80038D63F /* AppDelegate.m in Sources */ = {isa = PBXBuildFile; fileRef = 3C181C321CCCEDD80038D63F /* AppDelegate.m */; };
		3C181C361CCCEDD80038D63F /* ViewController.m in Sources */ = {isa = PBXBuildFile; fileRef = 3C181C351CCCEDD80038D63F /* ViewController.m */; };
		3C181C391CCCEDD80038D63F /* Main.storyboard in Resources */ = {isa = PBXBuildFile; fileRef = 3C181C371CCCEDD80038D63F /* Main.storyboard */; };
		3C181C3C1CCCEDD80038D63F /* CodeCenter.xcdatamodeld in Sources */ = {isa = PBXBuildFile; fileRef = 3C181C3A1CCCEDD80038D63F /* CodeCenter.xcdatamodeld */; };
		3C181C3E1CCCEDD80038D63F /* Assets.xcassets in Resources */ = {isa = PBXBuildFile; fileRef = 3C181C3D1CCCEDD80038D63F /* Assets.xcassets */; };
		3C181C411CCCEDD80038D63F /* LaunchScreen.storyboard in Resources */ = {isa = PBXBuildFile; fileRef = 3C181C3F1CCCEDD80038D63F /* LaunchScreen.storyboard */; };
		3C181C4F1CCCEDE90038D63F /* 宏定义.swift in Sources */ = {isa = PBXBuildFile; fileRef = 3C181C491CCCEDE90038D63F /* 宏定义.swift */; };
		3C181C501CCCEDE90038D63F /* 弹出隐藏视图.swift in Sources */ = {isa = PBXBuildFile; fileRef = 3C181C4A1CCCEDE90038D63F /* 弹出隐藏视图.swift */; };
		3C181C511CCCEDE90038D63F /* 弹出隐藏视图OC.swift in Sources */ = {isa = PBXBuildFile; fileRef = 3C181C4B1CCCEDE90038D63F /* 弹出隐藏视图OC.swift */; };
		3C181C521CCCEDE90038D63F /* 约束.swift in Sources */ = {isa = PBXBuildFile; fileRef = 3C181C4C1CCCEDE90038D63F /* 约束.swift */; };
		3C181C531CCCEDE90038D63F /* 约束OC.swift in Sources */ = {isa = PBXBuildFile; fileRef = 3C181C4D1CCCEDE90038D63F /* 约束OC.swift */; };
		3C181C541CCCEDE90038D63F /* 自定义属性.swift in Sources */ = {isa = PBXBuildFile; fileRef = 3C181C4E1CCCEDE90038D63F /* 自定义属性.swift */; };
		3C181C5A1CCCF1020038D63F /* EnumForShowView.m in Sources */ = {isa = PBXBuildFile; fileRef = 3C181C591CCCF1020038D63F /* EnumForShowView.m */; };
		3CE9CF301CDF140F00C3E5DD /* 正则.swift in Sources */ = {isa = PBXBuildFile; fileRef = 3CE9CF2F1CDF140F00C3E5DD /* 正则.swift */; };
/* End PBXBuildFile section */

/* Begin PBXFileReference section */
		040453891D0525C0006B761A /* UIColor扩展.swift */ = {isa = PBXFileReference; fileEncoding = 4; lastKnownFileType = sourcecode.swift; path = "UIColor扩展.swift"; sourceTree = "<group>"; };
		0437D80D1CF6F42000405C6C /* CNLInechart.swift */ = {isa = PBXFileReference; fileEncoding = 4; lastKnownFileType = sourcecode.swift; path = CNLInechart.swift; sourceTree = "<group>"; };
		0437D80F1CF6F75000405C6C /* CNLineChartTableViewCell.swift */ = {isa = PBXFileReference; fileEncoding = 4; lastKnownFileType = sourcecode.swift; path = CNLineChartTableViewCell.swift; sourceTree = "<group>"; };
		04441A831D3F07410073108E /* 1.jpg */ = {isa = PBXFileReference; lastKnownFileType = image.jpeg; path = 1.jpg; sourceTree = "<group>"; };
		04441A851D3F0A0B0073108E /* 2.jpg */ = {isa = PBXFileReference; lastKnownFileType = image.jpeg; path = 2.jpg; sourceTree = "<group>"; };
		04441A861D3F0A0B0073108E /* 3.jpg */ = {isa = PBXFileReference; lastKnownFileType = image.jpeg; path = 3.jpg; sourceTree = "<group>"; };
		04441A891D3F4F240073108E /* RMJTeamInformation.h */ = {isa = PBXFileReference; fileEncoding = 4; lastKnownFileType = sourcecode.c.h; path = RMJTeamInformation.h; sourceTree = "<group>"; };
		04441A8A1D3F4F240073108E /* RMJTeamInformation.m */ = {isa = PBXFileReference; fileEncoding = 4; lastKnownFileType = sourcecode.c.objc; path = RMJTeamInformation.m; sourceTree = "<group>"; };
		04441A8C1D3F51500073108E /* CNCoderCenter.h */ = {isa = PBXFileReference; lastKnownFileType = sourcecode.c.h; path = CNCoderCenter.h; sourceTree = "<group>"; };
		04441A8D1D3F53EB0073108E /* CNCollectionViewCell.xib */ = {isa = PBXFileReference; fileEncoding = 4; lastKnownFileType = file.xib; path = CNCollectionViewCell.xib; sourceTree = "<group>"; };
		0485B2111CDC3D1F001E4A51 /* CNMessageView.swift */ = {isa = PBXFileReference; fileEncoding = 4; lastKnownFileType = sourcecode.swift; path = CNMessageView.swift; sourceTree = "<group>"; };
		049CB4091D08173900902F23 /* CNNavigationController.swift */ = {isa = PBXFileReference; fileEncoding = 4; lastKnownFileType = sourcecode.swift; path = CNNavigationController.swift; sourceTree = "<group>"; };
		04B3D2961D0A61020015BA96 /* CNMessageViewProperty.swift */ = {isa = PBXFileReference; fileEncoding = 4; lastKnownFileType = sourcecode.swift; path = CNMessageViewProperty.swift; sourceTree = "<group>"; };
		04E226491D3C6396000FFEA9 /* CNCollectionViewLeftFlowLayout.h */ = {isa = PBXFileReference; fileEncoding = 4; lastKnownFileType = sourcecode.c.h; path = CNCollectionViewLeftFlowLayout.h; sourceTree = "<group>"; };
		04E2264A1D3C6396000FFEA9 /* CNCollectionViewLeftFlowLayout.m */ = {isa = PBXFileReference; fileEncoding = 4; lastKnownFileType = sourcecode.c.objc; path = CNCollectionViewLeftFlowLayout.m; sourceTree = "<group>"; };
		04E2264C1D3C6575000FFEA9 /* LeftCollectionViewController.h */ = {isa = PBXFileReference; fileEncoding = 4; lastKnownFileType = sourcecode.c.h; path = LeftCollectionViewController.h; sourceTree = "<group>"; };
		04E2264D1D3C6575000FFEA9 /* LeftCollectionViewController.m */ = {isa = PBXFileReference; fileEncoding = 4; lastKnownFileType = sourcecode.c.objc; path = LeftCollectionViewController.m; sourceTree = "<group>"; };
		04E2264F1D3C713A000FFEA9 /* StringEncryption.swift */ = {isa = PBXFileReference; fileEncoding = 4; lastKnownFileType = sourcecode.swift; path = StringEncryption.swift; sourceTree = "<group>"; };
		04E226511D3C724A000FFEA9 /* CNMutableAttributedString.swift */ = {isa = PBXFileReference; fileEncoding = 4; lastKnownFileType = sourcecode.swift; path = CNMutableAttributedString.swift; sourceTree = "<group>"; };
		04E2265A1D3CAC03000FFEA9 /* CNCollectionSwitchViewLayout.h */ = {isa = PBXFileReference; fileEncoding = 4; lastKnownFileType = sourcecode.c.h; path = CNCollectionSwitchViewLayout.h; sourceTree = "<group>"; };
		04E2265B1D3CAC03000FFEA9 /* CNCollectionSwitchViewLayout.m */ = {isa = PBXFileReference; fileEncoding = 4; lastKnownFileType = sourcecode.c.objc; path = CNCollectionSwitchViewLayout.m; sourceTree = "<group>"; };
		04FE0B5A1D3CB42700F84C2F /* CNCollectionViewCell.h */ = {isa = PBXFileReference; fileEncoding = 4; lastKnownFileType = sourcecode.c.h; path = CNCollectionViewCell.h; sourceTree = "<group>"; };
		04FE0B5B1D3CB42700F84C2F /* CNCollectionViewCell.m */ = {isa = PBXFileReference; fileEncoding = 4; lastKnownFileType = sourcecode.c.objc; path = CNCollectionViewCell.m; sourceTree = "<group>"; };
		3C181C2B1CCCEDD80038D63F /* CodeCenter.app */ = {isa = PBXFileReference; explicitFileType = wrapper.application; includeInIndex = 0; path = CodeCenter.app; sourceTree = BUILT_PRODUCTS_DIR; };
		3C181C2F1CCCEDD80038D63F /* main.m */ = {isa = PBXFileReference; lastKnownFileType = sourcecode.c.objc; path = main.m; sourceTree = "<group>"; };
		3C181C311CCCEDD80038D63F /* AppDelegate.h */ = {isa = PBXFileReference; lastKnownFileType = sourcecode.c.h; path = AppDelegate.h; sourceTree = "<group>"; };
		3C181C321CCCEDD80038D63F /* AppDelegate.m */ = {isa = PBXFileReference; lastKnownFileType = sourcecode.c.objc; path = AppDelegate.m; sourceTree = "<group>"; };
		3C181C341CCCEDD80038D63F /* ViewController.h */ = {isa = PBXFileReference; lastKnownFileType = sourcecode.c.h; path = ViewController.h; sourceTree = "<group>"; };
		3C181C351CCCEDD80038D63F /* ViewController.m */ = {isa = PBXFileReference; lastKnownFileType = sourcecode.c.objc; path = ViewController.m; sourceTree = "<group>"; };
		3C181C381CCCEDD80038D63F /* Base */ = {isa = PBXFileReference; lastKnownFileType = file.storyboard; name = Base; path = Base.lproj/Main.storyboard; sourceTree = "<group>"; };
		3C181C3B1CCCEDD80038D63F /* CodeCenter.xcdatamodel */ = {isa = PBXFileReference; lastKnownFileType = wrapper.xcdatamodel; path = CodeCenter.xcdatamodel; sourceTree = "<group>"; };
		3C181C3D1CCCEDD80038D63F /* Assets.xcassets */ = {isa = PBXFileReference; lastKnownFileType = folder.assetcatalog; path = Assets.xcassets; sourceTree = "<group>"; };
		3C181C401CCCEDD80038D63F /* Base */ = {isa = PBXFileReference; lastKnownFileType = file.storyboard; name = Base; path = Base.lproj/LaunchScreen.storyboard; sourceTree = "<group>"; };
		3C181C421CCCEDD80038D63F /* Info.plist */ = {isa = PBXFileReference; lastKnownFileType = text.plist.xml; path = Info.plist; sourceTree = "<group>"; };
		3C181C491CCCEDE90038D63F /* 宏定义.swift */ = {isa = PBXFileReference; fileEncoding = 4; lastKnownFileType = sourcecode.swift; path = "宏定义.swift"; sourceTree = "<group>"; };
		3C181C4A1CCCEDE90038D63F /* 弹出隐藏视图.swift */ = {isa = PBXFileReference; fileEncoding = 4; lastKnownFileType = sourcecode.swift; path = "弹出隐藏视图.swift"; sourceTree = "<group>"; };
		3C181C4B1CCCEDE90038D63F /* 弹出隐藏视图OC.swift */ = {isa = PBXFileReference; fileEncoding = 4; lastKnownFileType = sourcecode.swift; path = "弹出隐藏视图OC.swift"; sourceTree = "<group>"; };
		3C181C4C1CCCEDE90038D63F /* 约束.swift */ = {isa = PBXFileReference; fileEncoding = 4; lastKnownFileType = sourcecode.swift; path = "约束.swift"; sourceTree = "<group>"; };
		3C181C4D1CCCEDE90038D63F /* 约束OC.swift */ = {isa = PBXFileReference; fileEncoding = 4; lastKnownFileType = sourcecode.swift; path = "约束OC.swift"; sourceTree = "<group>"; };
		3C181C4E1CCCEDE90038D63F /* 自定义属性.swift */ = {isa = PBXFileReference; fileEncoding = 4; lastKnownFileType = sourcecode.swift; path = "自定义属性.swift"; sourceTree = "<group>"; };
		3C181C551CCCEE5F0038D63F /* CodeCenter-Bridging-Header.h */ = {isa = PBXFileReference; lastKnownFileType = sourcecode.c.h; path = "CodeCenter-Bridging-Header.h"; sourceTree = "<group>"; };
		3C181C581CCCF1020038D63F /* EnumForShowView.h */ = {isa = PBXFileReference; fileEncoding = 4; lastKnownFileType = sourcecode.c.h; path = EnumForShowView.h; sourceTree = "<group>"; };
		3C181C591CCCF1020038D63F /* EnumForShowView.m */ = {isa = PBXFileReference; fileEncoding = 4; lastKnownFileType = sourcecode.c.objc; path = EnumForShowView.m; sourceTree = "<group>"; };
		3CE9CF2F1CDF140F00C3E5DD /* 正则.swift */ = {isa = PBXFileReference; fileEncoding = 4; lastKnownFileType = sourcecode.swift; path = "正则.swift"; sourceTree = "<group>"; };
/* End PBXFileReference section */

/* Begin PBXFrameworksBuildPhase section */
		3C181C281CCCEDD80038D63F /* Frameworks */ = {
			isa = PBXFrameworksBuildPhase;
			buildActionMask = 2147483647;
			files = (
			);
			runOnlyForDeploymentPostprocessing = 0;
		};
/* End PBXFrameworksBuildPhase section */

/* Begin PBXGroup section */
		040453881D0525AD006B761A /* UIColor */ = {
			isa = PBXGroup;
			children = (
				040453891D0525C0006B761A /* UIColor扩展.swift */,
			);
			path = UIColor;
			sourceTree = "<group>";
		};
		0437D8091CF6F3FE00405C6C /* 统计图 */ = {
			isa = PBXGroup;
			children = (
				0437D80D1CF6F42000405C6C /* CNLInechart.swift */,
				0437D80F1CF6F75000405C6C /* CNLineChartTableViewCell.swift */,
			);
			path = "统计图";
			sourceTree = "<group>";
		};
		04E226461D3C633E000FFEA9 /* CollectionView左对齐 */ = {
			isa = PBXGroup;
			children = (
				04E226491D3C6396000FFEA9 /* CNCollectionViewLeftFlowLayout.h */,
				04E2264A1D3C6396000FFEA9 /* CNCollectionViewLeftFlowLayout.m */,
				04E2264C1D3C6575000FFEA9 /* LeftCollectionViewController.h */,
				04E2264D1D3C6575000FFEA9 /* LeftCollectionViewController.m */,
				04FE0B5A1D3CB42700F84C2F /* CNCollectionViewCell.h */,
				04FE0B5B1D3CB42700F84C2F /* CNCollectionViewCell.m */,
				04441A8D1D3F53EB0073108E /* CNCollectionViewCell.xib */,
			);
			path = "CollectionView左对齐";
			sourceTree = "<group>";
		};
		04E226531D3C9DB0000FFEA9 /* CollectionView卡片切换 */ = {
			isa = PBXGroup;
			children = (
				04E2265A1D3CAC03000FFEA9 /* CNCollectionSwitchViewLayout.h */,
				04E2265B1D3CAC03000FFEA9 /* CNCollectionSwitchViewLayout.m */,
				04441A891D3F4F240073108E /* RMJTeamInformation.h */,
				04441A8A1D3F4F240073108E /* RMJTeamInformation.m */,
			);
			path = "CollectionView卡片切换";
			sourceTree = "<group>";
		};
		3C181C221CCCEDD80038D63F = {
			isa = PBXGroup;
			children = (
				3C181C2D1CCCEDD80038D63F /* CodeCenter */,
				3C181C2C1CCCEDD80038D63F /* Products */,
			);
			sourceTree = "<group>";
		};
		3C181C2C1CCCEDD80038D63F /* Products */ = {
			isa = PBXGroup;
			children = (
				3C181C2B1CCCEDD80038D63F /* CodeCenter.app */,
			);
			name = Products;
			sourceTree = "<group>";
		};
		3C181C2D1CCCEDD80038D63F /* CodeCenter */ = {
			isa = PBXGroup;
			children = (
				04441A8C1D3F51500073108E /* CNCoderCenter.h */,
				04441A851D3F0A0B0073108E /* 2.jpg */,
				04441A861D3F0A0B0073108E /* 3.jpg */,
				04441A831D3F07410073108E /* 1.jpg */,
				04E226531D3C9DB0000FFEA9 /* CollectionView卡片切换 */,
				04E226461D3C633E000FFEA9 /* CollectionView左对齐 */,
				0437D8091CF6F3FE00405C6C /* 统计图 */,
				3CE9CF2A1CDF105C00C3E5DD /* 正则 */,
				3CED6B331CD59E33006DD28C /* 信息提示 */,
				3C181C481CCCEDE90038D63F /* 扩展 */,
				3C181C311CCCEDD80038D63F /* AppDelegate.h */,
				3C181C321CCCEDD80038D63F /* AppDelegate.m */,
				3C181C341CCCEDD80038D63F /* ViewController.h */,
				3C181C351CCCEDD80038D63F /* ViewController.m */,
				3C181C371CCCEDD80038D63F /* Main.storyboard */,
				049CB4091D08173900902F23 /* CNNavigationController.swift */,
				3C181C3D1CCCEDD80038D63F /* Assets.xcassets */,
				3C181C3F1CCCEDD80038D63F /* LaunchScreen.storyboard */,
				3C181C421CCCEDD80038D63F /* Info.plist */,
				3C181C3A1CCCEDD80038D63F /* CodeCenter.xcdatamodeld */,
				3C181C2E1CCCEDD80038D63F /* Supporting Files */,
				3C181C551CCCEE5F0038D63F /* CodeCenter-Bridging-Header.h */,
			);
			path = CodeCenter;
			sourceTree = "<group>";
		};
		3C181C2E1CCCEDD80038D63F /* Supporting Files */ = {
			isa = PBXGroup;
			children = (
				3C181C2F1CCCEDD80038D63F /* main.m */,
			);
			name = "Supporting Files";
			sourceTree = "<group>";
		};
		3C181C481CCCEDE90038D63F /* 扩展 */ = {
			isa = PBXGroup;
			children = (
				040453881D0525AD006B761A /* UIColor */,
				3C181C491CCCEDE90038D63F /* 宏定义.swift */,
				3C181C4A1CCCEDE90038D63F /* 弹出隐藏视图.swift */,
				3C181C4B1CCCEDE90038D63F /* 弹出隐藏视图OC.swift */,
				3C181C4C1CCCEDE90038D63F /* 约束.swift */,
				3C181C4D1CCCEDE90038D63F /* 约束OC.swift */,
				3C181C4E1CCCEDE90038D63F /* 自定义属性.swift */,
				04E2264F1D3C713A000FFEA9 /* StringEncryption.swift */,
				04E226511D3C724A000FFEA9 /* CNMutableAttributedString.swift */,
				3C181C581CCCF1020038D63F /* EnumForShowView.h */,
				3C181C591CCCF1020038D63F /* EnumForShowView.m */,
			);
			path = "扩展";
			sourceTree = "<group>";
		};
		3CE9CF2A1CDF105C00C3E5DD /* 正则 */ = {
			isa = PBXGroup;
			children = (
				3CE9CF2F1CDF140F00C3E5DD /* 正则.swift */,
			);
			path = "正则";
			sourceTree = "<group>";
		};
		3CED6B331CD59E33006DD28C /* 信息提示 */ = {
			isa = PBXGroup;
			children = (
				0485B2111CDC3D1F001E4A51 /* CNMessageView.swift */,
				04B3D2961D0A61020015BA96 /* CNMessageViewProperty.swift */,
			);
			path = "信息提示";
			sourceTree = "<group>";
		};
/* End PBXGroup section */

/* Begin PBXNativeTarget section */
		3C181C2A1CCCEDD80038D63F /* CodeCenter */ = {
			isa = PBXNativeTarget;
			buildConfigurationList = 3C181C451CCCEDD80038D63F /* Build configuration list for PBXNativeTarget "CodeCenter" */;
			buildPhases = (
				3C181C271CCCEDD80038D63F /* Sources */,
				3C181C281CCCEDD80038D63F /* Frameworks */,
				3C181C291CCCEDD80038D63F /* Resources */,
			);
			buildRules = (
			);
			dependencies = (
			);
			name = CodeCenter;
			productName = CodeCenter;
			productReference = 3C181C2B1CCCEDD80038D63F /* CodeCenter.app */;
			productType = "com.apple.product-type.application";
		};
/* End PBXNativeTarget section */

/* Begin PBXProject section */
		3C181C231CCCEDD80038D63F /* Project object */ = {
			isa = PBXProject;
			attributes = {
				LastUpgradeCheck = 0730;
				ORGANIZATIONNAME = Five;
				TargetAttributes = {
					3C181C2A1CCCEDD80038D63F = {
						CreatedOnToolsVersion = 7.3;
						DevelopmentTeam = 8SDT32D4WS;
					};
				};
			};
			buildConfigurationList = 3C181C261CCCEDD80038D63F /* Build configuration list for PBXProject "CodeCenter" */;
			compatibilityVersion = "Xcode 3.2";
			developmentRegion = English;
			hasScannedForEncodings = 0;
			knownRegions = (
				en,
				Base,
			);
			mainGroup = 3C181C221CCCEDD80038D63F;
			productRefGroup = 3C181C2C1CCCEDD80038D63F /* Products */;
			projectDirPath = "";
			projectRoot = "";
			targets = (
				3C181C2A1CCCEDD80038D63F /* CodeCenter */,
			);
		};
/* End PBXProject section */

/* Begin PBXResourcesBuildPhase section */
		3C181C291CCCEDD80038D63F /* Resources */ = {
			isa = PBXResourcesBuildPhase;
			buildActionMask = 2147483647;
			files = (
				3C181C411CCCEDD80038D63F /* LaunchScreen.storyboard in Resources */,
				04441A8E1D3F53EB0073108E /* CNCollectionViewCell.xib in Resources */,
				04441A841D3F07410073108E /* 1.jpg in Resources */,
				04441A871D3F0A0B0073108E /* 2.jpg in Resources */,
				04441A881D3F0A0B0073108E /* 3.jpg in Resources */,
				3C181C3E1CCCEDD80038D63F /* Assets.xcassets in Resources */,
				3C181C391CCCEDD80038D63F /* Main.storyboard in Resources */,
			);
			runOnlyForDeploymentPostprocessing = 0;
		};
/* End PBXResourcesBuildPhase section */

/* Begin PBXSourcesBuildPhase section */
		3C181C271CCCEDD80038D63F /* Sources */ = {
			isa = PBXSourcesBuildPhase;
			buildActionMask = 2147483647;
			files = (
				0485B2121CDC3D1F001E4A51 /* CNMessageView.swift in Sources */,
				3C181C541CCCEDE90038D63F /* 自定义属性.swift in Sources */,
				04B3D2971D0A61020015BA96 /* CNMessageViewProperty.swift in Sources */,
				3C181C521CCCEDE90038D63F /* 约束.swift in Sources */,
				04E226501D3C713A000FFEA9 /* StringEncryption.swift in Sources */,
				3C181C5A1CCCF1020038D63F /* EnumForShowView.m in Sources */,
				3C181C361CCCEDD80038D63F /* ViewController.m in Sources */,
				0404538A1D0525C0006B761A /* UIColor扩展.swift in Sources */,
				3C181C4F1CCCEDE90038D63F /* 宏定义.swift in Sources */,
				04E2264B1D3C6396000FFEA9 /* CNCollectionViewLeftFlowLayout.m in Sources */,
				3C181C331CCCEDD80038D63F /* AppDelegate.m in Sources */,
				3C181C501CCCEDE90038D63F /* 弹出隐藏视图.swift in Sources */,
				04FE0B5C1D3CB42700F84C2F /* CNCollectionViewCell.m in Sources */,
				04E2264E1D3C6575000FFEA9 /* LeftCollectionViewController.m in Sources */,
				3C181C301CCCEDD80038D63F /* main.m in Sources */,
				3C181C531CCCEDE90038D63F /* 约束OC.swift in Sources */,
				3C181C3C1CCCEDD80038D63F /* CodeCenter.xcdatamodeld in Sources */,
				0437D80E1CF6F42000405C6C /* CNLInechart.swift in Sources */,
				04E2265C1D3CAC03000FFEA9 /* CNCollectionSwitchViewLayout.m in Sources */,
				049CB40A1D08173900902F23 /* CNNavigationController.swift in Sources */,
				04441A8B1D3F4F240073108E /* RMJTeamInformation.m in Sources */,
				04E226521D3C724A000FFEA9 /* CNMutableAttributedString.swift in Sources */,
				3C181C511CCCEDE90038D63F /* 弹出隐藏视图OC.swift in Sources */,
				3CE9CF301CDF140F00C3E5DD /* 正则.swift in Sources */,
				0437D8101CF6F75000405C6C /* CNLineChartTableViewCell.swift in Sources */,
			);
			runOnlyForDeploymentPostprocessing = 0;
		};
/* End PBXSourcesBuildPhase section */

/* Begin PBXVariantGroup section */
		3C181C371CCCEDD80038D63F /* Main.storyboard */ = {
			isa = PBXVariantGroup;
			children = (
				3C181C381CCCEDD80038D63F /* Base */,
			);
			name = Main.storyboard;
			sourceTree = "<group>";
		};
		3C181C3F1CCCEDD80038D63F /* LaunchScreen.storyboard */ = {
			isa = PBXVariantGroup;
			children = (
				3C181C401CCCEDD80038D63F /* Base */,
			);
			name = LaunchScreen.storyboard;
			sourceTree = "<group>";
		};
/* End PBXVariantGroup section */

/* Begin XCBuildConfiguration section */
		3C181C431CCCEDD80038D63F /* Debug */ = {
			isa = XCBuildConfiguration;
			buildSettings = {
				ALWAYS_SEARCH_USER_PATHS = NO;
				CLANG_ANALYZER_NONNULL = YES;
				CLANG_CXX_LANGUAGE_STANDARD = "gnu++0x";
				CLANG_CXX_LIBRARY = "libc++";
				CLANG_ENABLE_MODULES = YES;
				CLANG_ENABLE_OBJC_ARC = YES;
				CLANG_WARN_BOOL_CONVERSION = YES;
				CLANG_WARN_CONSTANT_CONVERSION = YES;
				CLANG_WARN_DIRECT_OBJC_ISA_USAGE = YES_ERROR;
				CLANG_WARN_EMPTY_BODY = YES;
				CLANG_WARN_ENUM_CONVERSION = YES;
				CLANG_WARN_INT_CONVERSION = YES;
				CLANG_WARN_OBJC_ROOT_CLASS = YES_ERROR;
				CLANG_WARN_UNREACHABLE_CODE = YES;
				CLANG_WARN__DUPLICATE_METHOD_MATCH = YES;
				"CODE_SIGN_IDENTITY[sdk=iphoneos*]" = "iPhone Developer";
				COPY_PHASE_STRIP = NO;
				DEBUG_INFORMATION_FORMAT = dwarf;
				ENABLE_STRICT_OBJC_MSGSEND = YES;
				ENABLE_TESTABILITY = YES;
				GCC_C_LANGUAGE_STANDARD = gnu99;
				GCC_DYNAMIC_NO_PIC = NO;
				GCC_NO_COMMON_BLOCKS = YES;
				GCC_OPTIMIZATION_LEVEL = 0;
				GCC_PREPROCESSOR_DEFINITIONS = (
					"DEBUG=1",
					"$(inherited)",
				);
				GCC_WARN_64_TO_32_BIT_CONVERSION = YES;
				GCC_WARN_ABOUT_RETURN_TYPE = YES_ERROR;
				GCC_WARN_UNDECLARED_SELECTOR = YES;
				GCC_WARN_UNINITIALIZED_AUTOS = YES_AGGRESSIVE;
				GCC_WARN_UNUSED_FUNCTION = YES;
				GCC_WARN_UNUSED_VARIABLE = YES;
				IPHONEOS_DEPLOYMENT_TARGET = 9.3;
				MTL_ENABLE_DEBUG_INFO = YES;
				ONLY_ACTIVE_ARCH = YES;
				SDKROOT = iphoneos;
			};
			name = Debug;
		};
		3C181C441CCCEDD80038D63F /* Release */ = {
			isa = XCBuildConfiguration;
			buildSettings = {
				ALWAYS_SEARCH_USER_PATHS = NO;
				CLANG_ANALYZER_NONNULL = YES;
				CLANG_CXX_LANGUAGE_STANDARD = "gnu++0x";
				CLANG_CXX_LIBRARY = "libc++";
				CLANG_ENABLE_MODULES = YES;
				CLANG_ENABLE_OBJC_ARC = YES;
				CLANG_WARN_BOOL_CONVERSION = YES;
				CLANG_WARN_CONSTANT_CONVERSION = YES;
				CLANG_WARN_DIRECT_OBJC_ISA_USAGE = YES_ERROR;
				CLANG_WARN_EMPTY_BODY = YES;
				CLANG_WARN_ENUM_CONVERSION = YES;
				CLANG_WARN_INT_CONVERSION = YES;
				CLANG_WARN_OBJC_ROOT_CLASS = YES_ERROR;
				CLANG_WARN_UNREACHABLE_CODE = YES;
				CLANG_WARN__DUPLICATE_METHOD_MATCH = YES;
				"CODE_SIGN_IDENTITY[sdk=iphoneos*]" = "iPhone Developer";
				COPY_PHASE_STRIP = NO;
				DEBUG_INFORMATION_FORMAT = "dwarf-with-dsym";
				ENABLE_NS_ASSERTIONS = NO;
				ENABLE_STRICT_OBJC_MSGSEND = YES;
				GCC_C_LANGUAGE_STANDARD = gnu99;
				GCC_NO_COMMON_BLOCKS = YES;
				GCC_WARN_64_TO_32_BIT_CONVERSION = YES;
				GCC_WARN_ABOUT_RETURN_TYPE = YES_ERROR;
				GCC_WARN_UNDECLARED_SELECTOR = YES;
				GCC_WARN_UNINITIALIZED_AUTOS = YES_AGGRESSIVE;
				GCC_WARN_UNUSED_FUNCTION = YES;
				GCC_WARN_UNUSED_VARIABLE = YES;
				IPHONEOS_DEPLOYMENT_TARGET = 9.3;
				MTL_ENABLE_DEBUG_INFO = NO;
				SDKROOT = iphoneos;
				VALIDATE_PRODUCT = YES;
			};
			name = Release;
		};
		3C181C461CCCEDD80038D63F /* Debug */ = {
			isa = XCBuildConfiguration;
			buildSettings = {
				ASSETCATALOG_COMPILER_APPICON_NAME = AppIcon;
				CODE_SIGN_IDENTITY = "iPhone Developer";
				INFOPLIST_FILE = CodeCenter/Info.plist;
				LD_RUNPATH_SEARCH_PATHS = "$(inherited) @executable_path/Frameworks";
				PRODUCT_BUNDLE_IDENTIFIER = com.line365.BusinessTimeQ;
				PRODUCT_NAME = "$(TARGET_NAME)";
				SWIFT_OBJC_BRIDGING_HEADER = "CodeCenter/CodeCenter-Bridging-Header.h";
			};
			name = Debug;
		};
		3C181C471CCCEDD80038D63F /* Release */ = {
			isa = XCBuildConfiguration;
			buildSettings = {
				ASSETCATALOG_COMPILER_APPICON_NAME = AppIcon;
				CODE_SIGN_IDENTITY = "iPhone Developer";
				INFOPLIST_FILE = CodeCenter/Info.plist;
				LD_RUNPATH_SEARCH_PATHS = "$(inherited) @executable_path/Frameworks";
				PRODUCT_BUNDLE_IDENTIFIER = com.line365.BusinessTimeQ;
				PRODUCT_NAME = "$(TARGET_NAME)";
				SWIFT_OBJC_BRIDGING_HEADER = "CodeCenter/CodeCenter-Bridging-Header.h";
			};
			name = Release;
		};
/* End XCBuildConfiguration section */

/* Begin XCConfigurationList section */
		3C181C261CCCEDD80038D63F /* Build configuration list for PBXProject "CodeCenter" */ = {
			isa = XCConfigurationList;
			buildConfigurations = (
				3C181C431CCCEDD80038D63F /* Debug */,
				3C181C441CCCEDD80038D63F /* Release */,
			);
			defaultConfigurationIsVisible = 0;
			defaultConfigurationName = Release;
		};
		3C181C451CCCEDD80038D63F /* Build configuration list for PBXNativeTarget "CodeCenter" */ = {
			isa = XCConfigurationList;
			buildConfigurations = (
				3C181C461CCCEDD80038D63F /* Debug */,
				3C181C471CCCEDD80038D63F /* Release */,
			);
			defaultConfigurationIsVisible = 0;
			defaultConfigurationName = Release;
		};
/* End XCConfigurationList section */

/* Begin XCVersionGroup section */
		3C181C3A1CCCEDD80038D63F /* CodeCenter.xcdatamodeld */ = {
			isa = XCVersionGroup;
			children = (
				3C181C3B1CCCEDD80038D63F /* CodeCenter.xcdatamodel */,
			);
			currentVersion = 3C181C3B1CCCEDD80038D63F /* CodeCenter.xcdatamodel */;
			path = CodeCenter.xcdatamodeld;
			sourceTree = "<group>";
			versionGroupType = wrapper.xcdatamodel;
		};
/* End XCVersionGroup section */
	};
	rootObject = 3C181C231CCCEDD80038D63F /* Project object */;
}
